
Microsoft Visual Studio Solution File, Format Version 12.00
# Visual Studio 15
VisualStudioVersion = 15.0.27428.2015
MinimumVisualStudioVersion = 10.0.40219.1
Project("{FAE04EC0-301F-11D3-BF4B-00C04F79EFBC}") = "Levitate", "Levitate\Levitate.csproj", "{103F5917-ACC8-492F-B120-44E6D293411D}"
EndProject
Project("{FAE04EC0-301F-11D3-BF4B-00C04F79EFBC}") = "L.Test", "L.Test\L.Test.csproj", "{21942C21-BDED-42A6-ABCF-875C1C8B15CB}"
EndProject
Project("{FAE04EC0-301F-11D3-BF4B-00C04F79EFBC}") = "L.UnitTest", "L.UnitTest\L.UnitTest.csproj", "{3A2896EC-DB6F-4855-A3C4-72D3D2B1A773}"
EndProject
Project("{FAE04EC0-301F-11D3-BF4B-00C04F79EFBC}") = "L.Console", "L.Console\L.Console.csproj", "{6ABC9052-BDC7-4B6F-B793-FFF53F1BE891}"
EndProject
Global
	GlobalSection(SolutionConfigurationPlatforms) = preSolution
		CD_ROM|Any CPU = CD_ROM|Any CPU
		CD_ROM|x86 = CD_ROM|x86
		Debug|Any CPU = Debug|Any CPU
		Debug|x86 = Debug|x86
		DVD-5|Any CPU = DVD-5|Any CPU
		DVD-5|x86 = DVD-5|x86
		Release|Any CPU = Release|Any CPU
		Release|x86 = Release|x86
		SingleImage|Any CPU = SingleImage|Any CPU
		SingleImage|x86 = SingleImage|x86
	EndGlobalSection
	GlobalSection(ProjectConfigurationPlatforms) = postSolution
		{103F5917-ACC8-492F-B120-44E6D293411D}.CD_ROM|Any CPU.ActiveCfg = Release|Any CPU
		{103F5917-ACC8-492F-B120-44E6D293411D}.CD_ROM|Any CPU.Build.0 = Release|Any CPU
		{103F5917-ACC8-492F-B120-44E6D293411D}.CD_ROM|x86.ActiveCfg = Debug|x86
		{103F5917-ACC8-492F-B120-44E6D293411D}.CD_ROM|x86.Build.0 = Debug|x86
		{103F5917-ACC8-492F-B120-44E6D293411D}.Debug|Any CPU.ActiveCfg = Debug|Any CPU
		{103F5917-ACC8-492F-B120-44E6D293411D}.Debug|Any CPU.Build.0 = Debug|Any CPU
		{103F5917-ACC8-492F-B120-44E6D293411D}.Debug|x86.ActiveCfg = Debug|Any CPU
		{103F5917-ACC8-492F-B120-44E6D293411D}.Debug|x86.Build.0 = Debug|Any CPU
		{103F5917-ACC8-492F-B120-44E6D293411D}.DVD-5|Any CPU.ActiveCfg = Debug|Any CPU
		{103F5917-ACC8-492F-B120-44E6D293411D}.DVD-5|Any CPU.Build.0 = Debug|Any CPU
		{103F5917-ACC8-492F-B120-44E6D293411D}.DVD-5|x86.ActiveCfg = Debug|x86
		{103F5917-ACC8-492F-B120-44E6D293411D}.DVD-5|x86.Build.0 = Debug|x86
		{103F5917-ACC8-492F-B120-44E6D293411D}.Release|Any CPU.ActiveCfg = Release|Any CPU
		{103F5917-ACC8-492F-B120-44E6D293411D}.Release|Any CPU.Build.0 = Release|Any CPU
		{103F5917-ACC8-492F-B120-44E6D293411D}.Release|x86.ActiveCfg = Release|x86
		{103F5917-ACC8-492F-B120-44E6D293411D}.Release|x86.Build.0 = Release|x86
		{103F5917-ACC8-492F-B120-44E6D293411D}.SingleImage|Any CPU.ActiveCfg = Release|Any CPU
		{103F5917-ACC8-492F-B120-44E6D293411D}.SingleImage|Any CPU.Build.0 = Release|Any CPU
		{103F5917-ACC8-492F-B120-44E6D293411D}.SingleImage|x86.ActiveCfg = Debug|x86
		{103F5917-ACC8-492F-B120-44E6D293411D}.SingleImage|x86.Build.0 = Debug|x86
		{21942C21-BDED-42A6-ABCF-875C1C8B15CB}.CD_ROM|Any CPU.ActiveCfg = Release|Any CPU
		{21942C21-BDED-42A6-ABCF-875C1C8B15CB}.CD_ROM|Any CPU.Build.0 = Release|Any CPU
		{21942C21-BDED-42A6-ABCF-875C1C8B15CB}.CD_ROM|x86.ActiveCfg = Release|Any CPU
		{21942C21-BDED-42A6-ABCF-875C1C8B15CB}.CD_ROM|x86.Build.0 = Release|Any CPU
		{21942C21-BDED-42A6-ABCF-875C1C8B15CB}.Debug|Any CPU.ActiveCfg = Debug|Any CPU
		{21942C21-BDED-42A6-ABCF-875C1C8B15CB}.Debug|Any CPU.Build.0 = Debug|Any CPU
		{21942C21-BDED-42A6-ABCF-875C1C8B15CB}.Debug|x86.ActiveCfg = Debug|Any CPU
		{21942C21-BDED-42A6-ABCF-875C1C8B15CB}.Debug|x86.Build.0 = Debug|Any CPU
		{21942C21-BDED-42A6-ABCF-875C1C8B15CB}.DVD-5|Any CPU.ActiveCfg = Debug|Any CPU
		{21942C21-BDED-42A6-ABCF-875C1C8B15CB}.DVD-5|Any CPU.Build.0 = Debug|Any CPU
		{21942C21-BDED-42A6-ABCF-875C1C8B15CB}.DVD-5|x86.ActiveCfg = Debug|Any CPU
		{21942C21-BDED-42A6-ABCF-875C1C8B15CB}.DVD-5|x86.Build.0 = Debug|Any CPU
		{21942C21-BDED-42A6-ABCF-875C1C8B15CB}.Release|Any CPU.ActiveCfg = Release|Any CPU
		{21942C21-BDED-42A6-ABCF-875C1C8B15CB}.Release|Any CPU.Build.0 = Release|Any CPU
		{21942C21-BDED-42A6-ABCF-875C1C8B15CB}.Release|x86.ActiveCfg = Release|Any CPU
		{21942C21-BDED-42A6-ABCF-875C1C8B15CB}.Release|x86.Build.0 = Release|Any CPU
		{21942C21-BDED-42A6-ABCF-875C1C8B15CB}.SingleImage|Any CPU.ActiveCfg = Release|Any CPU
		{21942C21-BDED-42A6-ABCF-875C1C8B15CB}.SingleImage|Any CPU.Build.0 = Release|Any CPU
		{21942C21-BDED-42A6-ABCF-875C1C8B15CB}.SingleImage|x86.ActiveCfg = Release|Any CPU
		{21942C21-BDED-42A6-ABCF-875C1C8B15CB}.SingleImage|x86.Build.0 = Release|Any CPU
		{3A2896EC-DB6F-4855-A3C4-72D3D2B1A773}.CD_ROM|Any CPU.ActiveCfg = Release|Any CPU
		{3A2896EC-DB6F-4855-A3C4-72D3D2B1A773}.CD_ROM|Any CPU.Build.0 = Release|Any CPU
		{3A2896EC-DB6F-4855-A3C4-72D3D2B1A773}.CD_ROM|x86.ActiveCfg = Release|Any CPU
		{3A2896EC-DB6F-4855-A3C4-72D3D2B1A773}.CD_ROM|x86.Build.0 = Release|Any CPU
		{3A2896EC-DB6F-4855-A3C4-72D3D2B1A773}.Debug|Any CPU.ActiveCfg = Debug|Any CPU
		{3A2896EC-DB6F-4855-A3C4-72D3D2B1A773}.Debug|Any CPU.Build.0 = Debug|Any CPU
		{3A2896EC-DB6F-4855-A3C4-72D3D2B1A773}.Debug|x86.ActiveCfg = Debug|Any CPU
		{3A2896EC-DB6F-4855-A3C4-72D3D2B1A773}.Debug|x86.Build.0 = Debug|Any CPU
		{3A2896EC-DB6F-4855-A3C4-72D3D2B1A773}.DVD-5|Any CPU.ActiveCfg = Debug|Any CPU
		{3A2896EC-DB6F-4855-A3C4-72D3D2B1A773}.DVD-5|Any CPU.Build.0 = Debug|Any CPU
		{3A2896EC-DB6F-4855-A3C4-72D3D2B1A773}.DVD-5|x86.ActiveCfg = Debug|Any CPU
		{3A2896EC-DB6F-4855-A3C4-72D3D2B1A773}.DVD-5|x86.Build.0 = Debug|Any CPU
		{3A2896EC-DB6F-4855-A3C4-72D3D2B1A773}.Release|Any CPU.ActiveCfg = Release|Any CPU
		{3A2896EC-DB6F-4855-A3C4-72D3D2B1A773}.Release|Any CPU.Build.0 = Release|Any CPU
		{3A2896EC-DB6F-4855-A3C4-72D3D2B1A773}.Release|x86.ActiveCfg = Release|Any CPU
		{3A2896EC-DB6F-4855-A3C4-72D3D2B1A773}.Release|x86.Build.0 = Release|Any CPU
		{3A2896EC-DB6F-4855-A3C4-72D3D2B1A773}.SingleImage|Any CPU.ActiveCfg = Release|Any CPU
		{3A2896EC-DB6F-4855-A3C4-72D3D2B1A773}.SingleImage|Any CPU.Build.0 = Release|Any CPU
		{3A2896EC-DB6F-4855-A3C4-72D3D2B1A773}.SingleImage|x86.ActiveCfg = Release|Any CPU
		{3A2896EC-DB6F-4855-A3C4-72D3D2B1A773}.SingleImage|x86.Build.0 = Release|Any CPU
		{6ABC9052-BDC7-4B6F-B793-FFF53F1BE891}.CD_ROM|Any CPU.ActiveCfg = Release|Any CPU
		{6ABC9052-BDC7-4B6F-B793-FFF53F1BE891}.CD_ROM|Any CPU.Build.0 = Release|Any CPU
		{6ABC9052-BDC7-4B6F-B793-FFF53F1BE891}.CD_ROM|x86.ActiveCfg = Release|Any CPU
		{6ABC9052-BDC7-4B6F-B793-FFF53F1BE891}.CD_ROM|x86.Build.0 = Release|Any CPU
		{6ABC9052-BDC7-4B6F-B793-FFF53F1BE891}.Debug|Any CPU.ActiveCfg = Debug|Any CPU
		{6ABC9052-BDC7-4B6F-B793-FFF53F1BE891}.Debug|Any CPU.Build.0 = Debug|Any CPU
		{6ABC9052-BDC7-4B6F-B793-FFF53F1BE891}.Debug|x86.ActiveCfg = Debug|Any CPU
		{6ABC9052-BDC7-4B6F-B793-FFF53F1BE891}.Debug|x86.Build.0 = Debug|Any CPU
		{6ABC9052-BDC7-4B6F-B793-FFF53F1BE891}.DVD-5|Any CPU.ActiveCfg = Debug|Any CPU
		{6ABC9052-BDC7-4B6F-B793-FFF53F1BE891}.DVD-5|Any CPU.Build.0 = Debug|Any CPU
		{6ABC9052-BDC7-4B6F-B793-FFF53F1BE891}.DVD-5|x86.ActiveCfg = Debug|Any CPU
		{6ABC9052-BDC7-4B6F-B793-FFF53F1BE891}.DVD-5|x86.Build.0 = Debug|Any CPU
		{6ABC9052-BDC7-4B6F-B793-FFF53F1BE891}.Release|Any CPU.ActiveCfg = Release|Any CPU
		{6ABC9052-BDC7-4B6F-B793-FFF53F1BE891}.Release|Any CPU.Build.0 = Release|Any CPU
		{6ABC9052-BDC7-4B6F-B793-FFF53F1BE891}.Release|x86.ActiveCfg = Release|Any CPU
		{6ABC9052-BDC7-4B6F-B793-FFF53F1BE891}.Release|x86.Build.0 = Release|Any CPU
		{6ABC9052-BDC7-4B6F-B793-FFF53F1BE891}.SingleImage|Any CPU.ActiveCfg = Release|Any CPU
		{6ABC9052-BDC7-4B6F-B793-FFF53F1BE891}.SingleImage|Any CPU.Build.0 = Release|Any CPU
		{6ABC9052-BDC7-4B6F-B793-FFF53F1BE891}.SingleImage|x86.ActiveCfg = Release|Any CPU
		{6ABC9052-BDC7-4B6F-B793-FFF53F1BE891}.SingleImage|x86.Build.0 = Release|Any CPU
	EndGlobalSection
	GlobalSection(SolutionProperties) = preSolution
		HideSolutionNode = FALSE
	EndGlobalSection
	GlobalSection(ExtensibilityGlobals) = postSolution
		SolutionGuid = {FF243D27-2456-43DB-BB58-390DF2BC6C7D}
	EndGlobalSection
EndGlobal
